
Microsoft Visual Studio Solution File, Format Version 12.00
# Visual Studio Version 17
VisualStudioVersion = 17.14.36203.30
MinimumVisualStudioVersion = 10.0.40219.1
Project("{2150E333-8FDC-42A3-9474-1A3956D46DE8}") = "Src", "Src", "{02EA681E-C7D8-13C7-8484-4AC65E1B71E8}"
EndProject
Project("{2150E333-8FDC-42A3-9474-1A3956D46DE8}") = "Core", "Core", "{55BBE181-3B78-45EE-BA54-DFA359437716}"
EndProject
Project("{2150E333-8FDC-42A3-9474-1A3956D46DE8}") = "Infrastructure", "Infrastructure", "{4071DB42-A4C0-4FF4-AA4D-E5AED1CA5926}"
EndProject
Project("{2150E333-8FDC-42A3-9474-1A3956D46DE8}") = "Presentation", "Presentation", "{2C88A2A1-7531-4B75-ADB7-BF5FDF931873}"
EndProject
Project("{FAE04EC0-301F-11D3-BF4B-00C04F79EFBC}") = "Domain", "..\Domain\Domain.csproj", "{B9FB25C6-2897-47DF-BC08-57D0200B71F8}"
EndProject
Project("{FAE04EC0-301F-11D3-BF4B-00C04F79EFBC}") = "Application", "..\Application\Application.csproj", "{652788A3-5096-4E6A-A19E-0705E76011AD}"
EndProject
Project("{FAE04EC0-301F-11D3-BF4B-00C04F79EFBC}") = "Infrastructure", "..\Infrastructure\Infrastructure.csproj", "{C6086428-6CC9-438A-A201-44D182537193}"
EndProject
Project("{FAE04EC0-301F-11D3-BF4B-00C04F79EFBC}") = "Persistance", "..\Persistance\Persistance.csproj", "{277D74AA-F26F-4C29-9FE3-83A652EB360C}"
EndProject
Project("{FAE04EC0-301F-11D3-BF4B-00C04F79EFBC}") = "WebApi", "..\WebApi\WebApi.csproj", "{940FA79C-6CE3-407B-AAD2-E83DD9D6ADB8}"
EndProject
Global
	GlobalSection(SolutionConfigurationPlatforms) = preSolution
		Debug|Any CPU = Debug|Any CPU
		Release|Any CPU = Release|Any CPU
	EndGlobalSection
	GlobalSection(ProjectConfigurationPlatforms) = postSolution
		{B9FB25C6-2897-47DF-BC08-57D0200B71F8}.Debug|Any CPU.ActiveCfg = Debug|Any CPU
		{B9FB25C6-2897-47DF-BC08-57D0200B71F8}.Debug|Any CPU.Build.0 = Debug|Any CPU
		{B9FB25C6-2897-47DF-BC08-57D0200B71F8}.Release|Any CPU.ActiveCfg = Release|Any CPU
		{B9FB25C6-2897-47DF-BC08-57D0200B71F8}.Release|Any CPU.Build.0 = Release|Any CPU
		{652788A3-5096-4E6A-A19E-0705E76011AD}.Debug|Any CPU.ActiveCfg = Debug|Any CPU
		{652788A3-5096-4E6A-A19E-0705E76011AD}.Debug|Any CPU.Build.0 = Debug|Any CPU
		{652788A3-5096-4E6A-A19E-0705E76011AD}.Release|Any CPU.ActiveCfg = Release|Any CPU
		{652788A3-5096-4E6A-A19E-0705E76011AD}.Release|Any CPU.Build.0 = Release|Any CPU
		{C6086428-6CC9-438A-A201-44D182537193}.Debug|Any CPU.ActiveCfg = Debug|Any CPU
		{C6086428-6CC9-438A-A201-44D182537193}.Debug|Any CPU.Build.0 = Debug|Any CPU
		{C6086428-6CC9-438A-A201-44D182537193}.Release|Any CPU.ActiveCfg = Release|Any CPU
		{C6086428-6CC9-438A-A201-44D182537193}.Release|Any CPU.Build.0 = Release|Any CPU
		{277D74AA-F26F-4C29-9FE3-83A652EB360C}.Debug|Any CPU.ActiveCfg = Debug|Any CPU
		{277D74AA-F26F-4C29-9FE3-83A652EB360C}.Debug|Any CPU.Build.0 = Debug|Any CPU
		{277D74AA-F26F-4C29-9FE3-83A652EB360C}.Release|Any CPU.ActiveCfg = Release|Any CPU
		{277D74AA-F26F-4C29-9FE3-83A652EB360C}.Release|Any CPU.Build.0 = Release|Any CPU
		{940FA79C-6CE3-407B-AAD2-E83DD9D6ADB8}.Debug|Any CPU.ActiveCfg = Debug|Any CPU
		{940FA79C-6CE3-407B-AAD2-E83DD9D6ADB8}.Debug|Any CPU.Build.0 = Debug|Any CPU
		{940FA79C-6CE3-407B-AAD2-E83DD9D6ADB8}.Release|Any CPU.ActiveCfg = Release|Any CPU
		{940FA79C-6CE3-407B-AAD2-E83DD9D6ADB8}.Release|Any CPU.Build.0 = Release|Any CPU
	EndGlobalSection
	GlobalSection(SolutionProperties) = preSolution
		HideSolutionNode = FALSE
	EndGlobalSection
	GlobalSection(NestedProjects) = preSolution
		{55BBE181-3B78-45EE-BA54-DFA359437716} = {02EA681E-C7D8-13C7-8484-4AC65E1B71E8}
		{4071DB42-A4C0-4FF4-AA4D-E5AED1CA5926} = {02EA681E-C7D8-13C7-8484-4AC65E1B71E8}
		{2C88A2A1-7531-4B75-ADB7-BF5FDF931873} = {02EA681E-C7D8-13C7-8484-4AC65E1B71E8}
		{B9FB25C6-2897-47DF-BC08-57D0200B71F8} = {55BBE181-3B78-45EE-BA54-DFA359437716}
		{652788A3-5096-4E6A-A19E-0705E76011AD} = {55BBE181-3B78-45EE-BA54-DFA359437716}
		{C6086428-6CC9-438A-A201-44D182537193} = {4071DB42-A4C0-4FF4-AA4D-E5AED1CA5926}
		{277D74AA-F26F-4C29-9FE3-83A652EB360C} = {4071DB42-A4C0-4FF4-AA4D-E5AED1CA5926}
		{940FA79C-6CE3-407B-AAD2-E83DD9D6ADB8} = {2C88A2A1-7531-4B75-ADB7-BF5FDF931873}
	EndGlobalSection
	GlobalSection(ExtensibilityGlobals) = postSolution
		SolutionGuid = {6BA1EE15-6376-40C8-B595-34BC696B1C7C}
	EndGlobalSection
EndGlobal
